
Microsoft Visual Studio Solution File, Format Version 12.00
# Visual Studio Version 17
VisualStudioVersion = 17.3.32929.385
MinimumVisualStudioVersion = 10.0.40219.1
Project("{9A19103F-16F7-4668-BE54-9A1E7A4F7556}") = "Plants.info.API", "Plants.info.API.csproj", "{D0337BA2-FEDB-4F7C-93A6-B6385E687615}"
EndProject
Project("{E53339B2-1760-4266-BCC7-CA923CBCF16C}") = "docker-compose", "docker-compose.dcproj", "{02D965BF-223D-4441-9AD9-E9A6F592899B}"
EndProject
Global
	GlobalSection(SolutionConfigurationPlatforms) = preSolution
		Debug|Any CPU = Debug|Any CPU
		Release|Any CPU = Release|Any CPU
	EndGlobalSection
	GlobalSection(ProjectConfigurationPlatforms) = postSolution
		{D0337BA2-FEDB-4F7C-93A6-B6385E687615}.Debug|Any CPU.ActiveCfg = Debug|Any CPU
		{D0337BA2-FEDB-4F7C-93A6-B6385E687615}.Debug|Any CPU.Build.0 = Debug|Any CPU
		{D0337BA2-FEDB-4F7C-93A6-B6385E687615}.Release|Any CPU.ActiveCfg = Release|Any CPU
		{D0337BA2-FEDB-4F7C-93A6-B6385E687615}.Release|Any CPU.Build.0 = Release|Any CPU
		{02D965BF-223D-4441-9AD9-E9A6F592899B}.Debug|Any CPU.ActiveCfg = Debug|Any CPU
		{02D965BF-223D-4441-9AD9-E9A6F592899B}.Debug|Any CPU.Build.0 = Debug|Any CPU
		{02D965BF-223D-4441-9AD9-E9A6F592899B}.Release|Any CPU.ActiveCfg = Release|Any CPU
		{02D965BF-223D-4441-9AD9-E9A6F592899B}.Release|Any CPU.Build.0 = Release|Any CPU
	EndGlobalSection
	GlobalSection(SolutionProperties) = preSolution
		HideSolutionNode = FALSE
	EndGlobalSection
	GlobalSection(ExtensibilityGlobals) = postSolution
		SolutionGuid = {AEA8F510-E99B-40EC-AF12-25CEAE203B28}
	EndGlobalSection
EndGlobal
